
Microsoft Visual Studio Solution File, Format Version 12.00
# Visual Studio Version 17
VisualStudioVersion = 17.4.33213.308
MinimumVisualStudioVersion = 10.0.40219.1
Project("{FAE04EC0-301F-11D3-BF4B-00C04F79EFBC}") = "Lipy", "Lipy\Lipy.csproj", "{FE90A46D-01DB-4552-B897-56403781AA5E}"
EndProject
Global
	GlobalSection(SolutionConfigurationPlatforms) = preSolution
		Debug|Any CPU = Debug|Any CPU
		Release|Any CPU = Release|Any CPU
	EndGlobalSection
	GlobalSection(ProjectConfigurationPlatforms) = postSolution
		{FE90A46D-01DB-4552-B897-56403781AA5E}.Debug|Any CPU.ActiveCfg = Debug|Any CPU
		{FE90A46D-01DB-4552-B897-56403781AA5E}.Debug|Any CPU.Build.0 = Debug|Any CPU
		{FE90A46D-01DB-4552-B897-56403781AA5E}.Release|Any CPU.ActiveCfg = Release|Any CPU
		{FE90A46D-01DB-4552-B897-56403781AA5E}.Release|Any CPU.Build.0 = Release|Any CPU
	EndGlobalSection
	GlobalSection(SolutionProperties) = preSolution
		HideSolutionNode = FALSE
	EndGlobalSection
	GlobalSection(ExtensibilityGlobals) = postSolution
		SolutionGuid = {9AAE3ACD-ACCC-4694-BAA6-E25F2E5A298B}
	EndGlobalSection
EndGlobal
